schema: '2.0'
stages:
  get-features:
    cmd: python3 scripts/data_processing/get_features.py datasets/raw/train.csv
    deps:
    - path: datasets/raw/train.csv
      hash: md5
      md5: 75ff0ee6067c81e1bf651c4bfce09e53
      size: 65457
    - path: scripts/data_processing/get_features.py
      hash: md5
      md5: b275b0c28042a273d1bd676cd74a44ad
      size: 894
    outs:
    - path: datasets/stage1
      hash: md5
      md5: 1a5fea4774b54d47d6c025b7c267ba33.dir
      size: 12339
      nfiles: 1
  fill-na:
    cmd: python3 scripts/data_processing/fill_na.py datasets/stage1/train.csv
    deps:
    - path: datasets/stage1/train.csv
      hash: md5
      md5: 1b535b2bd34cbdd1381768e168ffe20f
      size: 12339
    - path: scripts/data_processing/fill_na.py
      hash: md5
      md5: 165046ef328ccab67f3ca81f20e99ec2
      size: 1196
    outs:
    - path: datasets/stage2
      hash: md5
      md5: 38ffb0e6ed0c9060ac0c4107264db377.dir
      size: 13047
      nfiles: 1
  text_to_numeric:
    cmd: python3 scripts/data_processing/change_text_to_numeric.py datasets/stage2/train.csv
    deps:
    - path: datasets/stage2/train.csv
      hash: md5
      md5: 231233a23fa1f34387c8c88d8cb6adb4
      size: 13047
    - path: scripts/data_processing/change_text_to_numeric.py
      hash: md5
      md5: 872c0f8b4679f092ad21a9df252bf950
      size: 1110
    outs:
    - path: datasets/stage3
      hash: md5
      md5: 11d427dcb67284c1873cc067a2da2424.dir
      size: 9746
      nfiles: 1
  split:
    cmd: python3 scripts/data_processing/train_test_split.py datasets/stage3/train.csv
    deps:
    - path: datasets/stage3/train.csv
      hash: md5
      md5: 6d9420e656355fe1d57e088ef7c6ceb2
      size: 9746
    - path: scripts/data_processing/train_test_split.py
      hash: md5
      md5: f5fce7ca6877e6e70161640a03083244
      size: 967
    params:
      params.yaml:
        split.split_ratio: 0.3
    outs:
    - path: datasets/stage4
      hash: md5
      md5: eb9b337e0be8ccf56a30edead04b9683.dir
      size: 9735
      nfiles: 2
  train:
    cmd: python3 scripts/model_learning/dt.py datasets/stage4/train.csv model.pkl
    deps:
    - path: datasets/stage4/train.csv
      hash: md5
      md5: 1686411f6602c3161e927db42e62384e
      size: 6812
    - path: scripts/model_learning/dt.py
      hash: md5
      md5: c6e182c57576eb3b352f51a19218bc08
      size: 736
    params:
      params.yaml:
        train.max_depth: 3
        train.seed: 42
    outs:
    - path: models/current/model.pkl
      hash: md5
      md5: 9a6bb9a00d4cada98726d477496b9e67
      size: 2423
  evaluate:
    cmd: python3 scripts/model_learning/evaluate.py datasets/stage4/test.csv models/current/model.pkl
    deps:
    - path: datasets/stage4/test.csv
      hash: md5
      md5: 9e13306dd3501f4a9366ba91289f3010
      size: 2923
    - path: models/current/model.pkl
      hash: md5
      md5: 9a6bb9a00d4cada98726d477496b9e67
      size: 2423
    - path: scripts/model_learning/evaluate.py
      hash: md5
      md5: 32ea5d37069c493a8f9f7d176365ebf0
      size: 2028
    params:
      params.yaml:
        train.max_depth: 3
        train.seed: 42
    outs:
    - path: eval/metrics.json
      hash: md5
      md5: 734707d9c918cc543ac91cb23785480b
      size: 242
